// !$*UTF8*$!
{
	archiveVersion = 1;
	classes = {
	};
	objectVersion = 77;
	objects = {

/* Begin PBXBuildFile section */
		71136FA9A4DDFE3474DAC769 /* MontanaCore in Frameworks */ = {isa = PBXBuildFile; productRef = B4F70495BCC912E40FFA8225 /* MontanaCore */; };
		B19D480E62B5B1511D330865 /* Assets.xcassets in Resources */ = {isa = PBXBuildFile; fileRef = D2C5E181331F8C6A3D92AFD4 /* Assets.xcassets */; };
		FB3480472E20E70792A5F3FF /* MontanaContractsApp.swift in Sources */ = {isa = PBXBuildFile; fileRef = 4E9A9313800DD8BBA8410E4A /* MontanaContractsApp.swift */; };
/* End PBXBuildFile section */

/* Begin PBXFileReference section */
		111E856521DC35C8D8FF905F /* MontanaContracts.entitlements */ = {isa = PBXFileReference; lastKnownFileType = text.plist.entitlements; path = MontanaContracts.entitlements; sourceTree = "<group>"; };
		4E9A9313800DD8BBA8410E4A /* MontanaContractsApp.swift */ = {isa = PBXFileReference; lastKnownFileType = sourcecode.swift; path = MontanaContractsApp.swift; sourceTree = "<group>"; };
		666069829EDA300B22157383 /* MontanaCore */ = {isa = PBXFileReference; lastKnownFileType = folder; name = MontanaCore; path = ../../MontanaCore; sourceTree = SOURCE_ROOT; };
		7EE09B045419F55828273493 /* Info.plist */ = {isa = PBXFileReference; lastKnownFileType = text.plist; path = Info.plist; sourceTree = "<group>"; };
		D2C5E181331F8C6A3D92AFD4 /* Assets.xcassets */ = {isa = PBXFileReference; lastKnownFileType = folder.assetcatalog; path = Assets.xcassets; sourceTree = "<group>"; };
		E093592C8980A02C67D4B3E1 /* MontanaContracts.app */ = {isa = PBXFileReference; includeInIndex = 0; lastKnownFileType = wrapper.application; path = MontanaContracts.app; sourceTree = BUILT_PRODUCTS_DIR; };
/* End PBXFileReference section */

/* Begin PBXFrameworksBuildPhase section */
		159CAF129C7C0FEDB9E3E063 /* Frameworks */ = {
			isa = PBXFrameworksBuildPhase;
			buildActionMask = 2147483647;
			files = (
				71136FA9A4DDFE3474DAC769 /* MontanaCore in Frameworks */,
			);
			runOnlyForDeploymentPostprocessing = 0;
		};
/* End PBXFrameworksBuildPhase section */

/* Begin PBXGroup section */
		5DA51BDD781BD21446F9CD41 /* Packages */ = {
			isa = PBXGroup;
			children = (
				666069829EDA300B22157383 /* MontanaCore */,
			);
			name = Packages;
			sourceTree = "<group>";
		};
		D17DFFF57F7C26FE4AFA4181 = {
			isa = PBXGroup;
			children = (
				E5EA855FC22EBE1C320002DC /* MontanaContracts */,
				5DA51BDD781BD21446F9CD41 /* Packages */,
				FB51DCFAB64F659D25B126D0 /* Products */,
			);
			sourceTree = "<group>";
		};
		E5EA855FC22EBE1C320002DC /* MontanaContracts */ = {
			isa = PBXGroup;
			children = (
				D2C5E181331F8C6A3D92AFD4 /* Assets.xcassets */,
				7EE09B045419F55828273493 /* Info.plist */,
				111E856521DC35C8D8FF905F /* MontanaContracts.entitlements */,
				4E9A9313800DD8BBA8410E4A /* MontanaContractsApp.swift */,
			);
			path = MontanaContracts;
			sourceTree = "<group>";
		};
		FB51DCFAB64F659D25B126D0 /* Products */ = {
			isa = PBXGroup;
			children = (
				E093592C8980A02C67D4B3E1 /* MontanaContracts.app */,
			);
			name = Products;
			sourceTree = "<group>";
		};
/* End PBXGroup section */

/* Begin PBXNativeTarget section */
		0938264EC68651FECE61E0EC /* MontanaContracts */ = {
			isa = PBXNativeTarget;
			buildConfigurationList = 4FB9DFE5A88FB9A1A665E689 /* Build configuration list for PBXNativeTarget "MontanaContracts" */;
			buildPhases = (
				D49FF34D81496FB0444AF727 /* Sources */,
				C6E349CD516266B1EFF91F1A /* Resources */,
				159CAF129C7C0FEDB9E3E063 /* Frameworks */,
			);
			buildRules = (
			);
			dependencies = (
			);
			name = MontanaContracts;
			packageProductDependencies = (
				B4F70495BCC912E40FFA8225 /* MontanaCore */,
			);
			productName = MontanaContracts;
			productReference = E093592C8980A02C67D4B3E1 /* MontanaContracts.app */;
			productType = "com.apple.product-type.application";
		};
/* End PBXNativeTarget section */

/* Begin PBXProject section */
		FA84F70C969AAF7FA8AB7DD6 /* Project object */ = {
			isa = PBXProject;
			attributes = {
				BuildIndependentTargetsInParallel = YES;
				LastUpgradeCheck = 1500;
				TargetAttributes = {
					0938264EC68651FECE61E0EC = {
						DevelopmentTeam = "";
					};
				};
			};
			buildConfigurationList = 186998C0539410B3A11C8652 /* Build configuration list for PBXProject "MontanaContracts" */;
			compatibilityVersion = "Xcode 14.0";
			developmentRegion = en;
			hasScannedForEncodings = 0;
			knownRegions = (
				Base,
				en,
			);
			mainGroup = D17DFFF57F7C26FE4AFA4181;
			minimizedProjectReferenceProxies = 1;
			packageReferences = (
				F70B602BFE2577BA5C796D7C /* XCLocalSwiftPackageReference "../../MontanaCore" */,
			);
			preferredProjectObjectVersion = 77;
			projectDirPath = "";
			projectRoot = "";
			targets = (
				0938264EC68651FECE61E0EC /* MontanaContracts */,
			);
		};
/* End PBXProject section */

/* Begin PBXResourcesBuildPhase section */
		C6E349CD516266B1EFF91F1A /* Resources */ = {
			isa = PBXResourcesBuildPhase;
			buildActionMask = 2147483647;
			files = (
				B19D480E62B5B1511D330865 /* Assets.xcassets in Resources */,
			);
			runOnlyForDeploymentPostprocessing = 0;
		};
/* End PBXResourcesBuildPhase section */

/* Begin PBXSourcesBuildPhase section */
		D49FF34D81496FB0444AF727 /* Sources */ = {
			isa = PBXSourcesBuildPhase;
			buildActionMask = 2147483647;
			files = (
				FB3480472E20E70792A5F3FF /* MontanaContractsApp.swift in Sources */,
			);
			runOnlyForDeploymentPostprocessing = 0;
		};
/* End PBXSourcesBuildPhase section */

/* Begin XCBuildConfiguration section */
		38B0C7621ABC11057A3875CE /* Debug */ = {
			isa = XCBuildConfiguration;
			buildSettings = {
				ASSETCATALOG_COMPILER_APPICON_NAME = AppIcon;
				CODE_SIGN_ENTITLEMENTS = MontanaContracts/MontanaContracts.entitlements;
				CODE_SIGN_IDENTITY = "iPhone Developer";
				INFOPLIST_FILE = MontanaContracts/Info.plist;
				LD_RUNPATH_SEARCH_PATHS = (
					"$(inherited)",
					"@executable_path/Frameworks",
				);
				PRODUCT_BUNDLE_IDENTIFIER = network.montana.contracts;
				SDKROOT = iphoneos;
				TARGETED_DEVICE_FAMILY = "1,2";
			};
			name = Debug;
		};
		44857512221DEB1CE1396D2E /* Debug */ = {
			isa = XCBuildConfiguration;
			buildSettings = {
				ALWAYS_SEARCH_USER_PATHS = NO;
				CLANG_ANALYZER_NONNULL = YES;
				CLANG_ANALYZER_NUMBER_OBJECT_CONVERSION = YES_AGGRESSIVE;
				CLANG_CXX_LANGUAGE_STANDARD = "gnu++14";
				CLANG_CXX_LIBRARY = "libc++";
				CLANG_ENABLE_MODULES = YES;
				CLANG_ENABLE_OBJC_ARC = YES;
				CLANG_ENABLE_OBJC_WEAK = YES;
				CLANG_WARN_BLOCK_CAPTURE_AUTORELEASING = YES;
				CLANG_WARN_BOOL_CONVERSION = YES;
				CLANG_WARN_COMMA = YES;
				CLANG_WARN_CONSTANT_CONVERSION = YES;
				CLANG_WARN_DEPRECATED_OBJC_IMPLEMENTATIONS = YES;
				CLANG_WARN_DIRECT_OBJC_ISA_USAGE = YES_ERROR;
				CLANG_WARN_DOCUMENTATION_COMMENTS = YES;
				CLANG_WARN_EMPTY_BODY = YES;
				CLANG_WARN_ENUM_CONVERSION = YES;
				CLANG_WARN_INFINITE_RECURSION = YES;
				CLANG_WARN_INT_CONVERSION = YES;
				CLANG_WARN_NON_LITERAL_NULL_CONVERSION = YES;
				CLANG_WARN_OBJC_IMPLICIT_RETAIN_SELF = YES;
				CLANG_WARN_OBJC_LITERAL_CONVERSION = YES;
				CLANG_WARN_OBJC_ROOT_CLASS = YES_ERROR;
				CLANG_WARN_QUOTED_INCLUDE_IN_FRAMEWORK_HEADER = YES;
				CLANG_WARN_RANGE_LOOP_ANALYSIS = YES;
				CLANG_WARN_STRICT_PROTOTYPES = YES;
				CLANG_WARN_SUSPICIOUS_MOVE = YES;
				CLANG_WARN_UNGUARDED_AVAILABILITY = YES_AGGRESSIVE;
				CLANG_WARN_UNREACHABLE_CODE = YES;
				CLANG_WARN__DUPLICATE_METHOD_MATCH = YES;
				COPY_PHASE_STRIP = NO;
				CURRENT_PROJECT_VERSION = 1;
				DEBUG_INFORMATION_FORMAT = dwarf;
				DEVELOPMENT_TEAM = "";
				ENABLE_STRICT_OBJC_MSGSEND = YES;
				ENABLE_TESTABILITY = YES;
				GCC_C_LANGUAGE_STANDARD = gnu11;
				GCC_DYNAMIC_NO_PIC = NO;
				GCC_NO_COMMON_BLOCKS = YES;
				GCC_OPTIMIZATION_LEVEL = 0;
				GCC_PREPROCESSOR_DEFINITIONS = (
					"$(inherited)",
					"DEBUG=1",
				);
				GCC_WARN_64_TO_32_BIT_CONVERSION = YES;
				GCC_WARN_ABOUT_RETURN_TYPE = YES_ERROR;
				GCC_WARN_UNDECLARED_SELECTOR = YES;
				GCC_WARN_UNINITIALIZED_AUTOS = YES_AGGRESSIVE;
				GCC_WARN_UNUSED_FUNCTION = YES;
				GCC_WARN_UNUSED_VARIABLE = YES;
				IPHONEOS_DEPLOYMENT_TARGET = 17.0;
				MARKETING_VERSION = 1.0.0;
				MTL_ENABLE_DEBUG_INFO = INCLUDE_SOURCE;
				MTL_FAST_MATH = YES;
				ONLY_ACTIVE_ARCH = YES;
				PRODUCT_NAME = "$(TARGET_NAME)";
				SDKROOT = iphoneos;
				SWIFT_ACTIVE_COMPILATION_CONDITIONS = DEBUG;
				SWIFT_OPTIMIZATION_LEVEL = "-Onone";
				SWIFT_VERSION = 5.0;
			};
			name = Debug;
		};
		733475B98E0C2ADAF212354A /* Release */ = {
			isa = XCBuildConfiguration;
			buildSettings = {
				ALWAYS_SEARCH_USER_PATHS = NO;
				CLANG_ANALYZER_NONNULL = YES;
				CLANG_ANALYZER_NUMBER_OBJECT_CONVERSION = YES_AGGRESSIVE;
				CLANG_CXX_LANGUAGE_STANDARD = "gnu++14";
				CLANG_CXX_LIBRARY = "libc++";
				CLANG_ENABLE_MODULES = YES;
				CLANG_ENABLE_OBJC_ARC = YES;
				CLANG_ENABLE_OBJC_WEAK = YES;
				CLANG_WARN_BLOCK_CAPTURE_AUTORELEASING = YES;
				CLANG_WARN_BOOL_CONVERSION = YES;
				CLANG_WARN_COMMA = YES;
				CLANG_WARN_CONSTANT_CONVERSION = YES;
				CLANG_WARN_DEPRECATED_OBJC_IMPLEMENTATIONS = YES;
				CLANG_WARN_DIRECT_OBJC_ISA_USAGE = YES_ERROR;
				CLANG_WARN_DOCUMENTATION_COMMENTS = YES;
				CLANG_WARN_EMPTY_BODY = YES;
				CLANG_WARN_ENUM_CONVERSION = YES;
				CLANG_WARN_INFINITE_RECURSION = YES;
				CLANG_WARN_INT_CONVERSION = YES;
				CLANG_WARN_NON_LITERAL_NULL_CONVERSION = YES;
				CLANG_WARN_OBJC_IMPLICIT_RETAIN_SELF = YES;
				CLANG_WARN_OBJC_LITERAL_CONVERSION = YES;
				CLANG_WARN_OBJC_ROOT_CLASS = YES_ERROR;
				CLANG_WARN_QUOTED_INCLUDE_IN_FRAMEWORK_HEADER = YES;
				CLANG_WARN_RANGE_LOOP_ANALYSIS = YES;
				CLANG_WARN_STRICT_PROTOTYPES = YES;
				CLANG_WARN_SUSPICIOUS_MOVE = YES;
				CLANG_WARN_UNGUARDED_AVAILABILITY = YES_AGGRESSIVE;
				CLANG_WARN_UNREACHABLE_CODE = YES;
				CLANG_WARN__DUPLICATE_METHOD_MATCH = YES;
				COPY_PHASE_STRIP = NO;
				CURRENT_PROJECT_VERSION = 1;
				DEBUG_INFORMATION_FORMAT = "dwarf-with-dsym";
				DEVELOPMENT_TEAM = "";
				ENABLE_NS_ASSERTIONS = NO;
				ENABLE_STRICT_OBJC_MSGSEND = YES;
				GCC_C_LANGUAGE_STANDARD = gnu11;
				GCC_NO_COMMON_BLOCKS = YES;
				GCC_WARN_64_TO_32_BIT_CONVERSION = YES;
				GCC_WARN_ABOUT_RETURN_TYPE = YES_ERROR;
				GCC_WARN_UNDECLARED_SELECTOR = YES;
				GCC_WARN_UNINITIALIZED_AUTOS = YES_AGGRESSIVE;
				GCC_WARN_UNUSED_FUNCTION = YES;
				GCC_WARN_UNUSED_VARIABLE = YES;
				IPHONEOS_DEPLOYMENT_TARGET = 17.0;
				MARKETING_VERSION = 1.0.0;
				MTL_ENABLE_DEBUG_INFO = NO;
				MTL_FAST_MATH = YES;
				PRODUCT_NAME = "$(TARGET_NAME)";
				SDKROOT = iphoneos;
				SWIFT_COMPILATION_MODE = wholemodule;
				SWIFT_OPTIMIZATION_LEVEL = "-O";
				SWIFT_VERSION = 5.0;
			};
			name = Release;
		};
		F9B45B9418133F0ED349F61C /* Release */ = {
			isa = XCBuildConfiguration;
			buildSettings = {
				ASSETCATALOG_COMPILER_APPICON_NAME = AppIcon;
				CODE_SIGN_ENTITLEMENTS = MontanaContracts/MontanaContracts.entitlements;
				CODE_SIGN_IDENTITY = "iPhone Developer";
				INFOPLIST_FILE = MontanaContracts/Info.plist;
				LD_RUNPATH_SEARCH_PATHS = (
					"$(inherited)",
					"@executable_path/Frameworks",
				);
				PRODUCT_BUNDLE_IDENTIFIER = network.montana.contracts;
				SDKROOT = iphoneos;
				TARGETED_DEVICE_FAMILY = "1,2";
			};
			name = Release;
		};
/* End XCBuildConfiguration section */

/* Begin XCConfigurationList section */
		186998C0539410B3A11C8652 /* Build configuration list for PBXProject "MontanaContracts" */ = {
			isa = XCConfigurationList;
			buildConfigurations = (
				44857512221DEB1CE1396D2E /* Debug */,
				733475B98E0C2ADAF212354A /* Release */,
			);
			defaultConfigurationIsVisible = 0;
			defaultConfigurationName = Debug;
		};
		4FB9DFE5A88FB9A1A665E689 /* Build configuration list for PBXNativeTarget "MontanaContracts" */ = {
			isa = XCConfigurationList;
			buildConfigurations = (
				38B0C7621ABC11057A3875CE /* Debug */,
				F9B45B9418133F0ED349F61C /* Release */,
			);
			defaultConfigurationIsVisible = 0;
			defaultConfigurationName = Debug;
		};
/* End XCConfigurationList section */

/* Begin XCLocalSwiftPackageReference section */
		F70B602BFE2577BA5C796D7C /* XCLocalSwiftPackageReference "../../MontanaCore" */ = {
			isa = XCLocalSwiftPackageReference;
			relativePath = ../../MontanaCore;
		};
/* End XCLocalSwiftPackageReference section */

/* Begin XCSwiftPackageProductDependency section */
		B4F70495BCC912E40FFA8225 /* MontanaCore */ = {
			isa = XCSwiftPackageProductDependency;
			productName = MontanaCore;
		};
/* End XCSwiftPackageProductDependency section */
	};
	rootObject = FA84F70C969AAF7FA8AB7DD6 /* Project object */;
}
