// !$*UTF8*$!
{
	archiveVersion = 1;
	classes = {
	};
	objectVersion = 77;
	objects = {

/* Begin PBXBuildFile section */
		171A7EA52CEED5C9EC1A3B11 /* MontanaCore in Frameworks */ = {isa = PBXBuildFile; productRef = 9A85B0481ADC7CA6C4EE5ABB /* MontanaCore */; };
		462BBE0B088CBC3395691155 /* Assets.xcassets in Resources */ = {isa = PBXBuildFile; fileRef = F798753DB8C53D3A52ED9D22 /* Assets.xcassets */; };
		90EDD14892E540D5063E0CAB /* MontanaWalletApp.swift in Sources */ = {isa = PBXBuildFile; fileRef = 42F6AEB9554679FA63F1EF63 /* MontanaWalletApp.swift */; };
/* End PBXBuildFile section */

/* Begin PBXFileReference section */
		342AD73ECC4AFC7F2F41CD21 /* MontanaWallet.app */ = {isa = PBXFileReference; includeInIndex = 0; lastKnownFileType = wrapper.application; path = MontanaWallet.app; sourceTree = BUILT_PRODUCTS_DIR; };
		42F6AEB9554679FA63F1EF63 /* MontanaWalletApp.swift */ = {isa = PBXFileReference; lastKnownFileType = sourcecode.swift; path = MontanaWalletApp.swift; sourceTree = "<group>"; };
		5806E2337C544AD8AFD68429 /* Info.plist */ = {isa = PBXFileReference; lastKnownFileType = text.plist; path = Info.plist; sourceTree = "<group>"; };
		BC5418551E58813374250271 /* MontanaWallet.entitlements */ = {isa = PBXFileReference; lastKnownFileType = text.plist.entitlements; path = MontanaWallet.entitlements; sourceTree = "<group>"; };
		E2E2E3113F2FD8ABADB80940 /* MontanaCore */ = {isa = PBXFileReference; lastKnownFileType = folder; name = MontanaCore; path = ../../MontanaCore; sourceTree = SOURCE_ROOT; };
		F798753DB8C53D3A52ED9D22 /* Assets.xcassets */ = {isa = PBXFileReference; lastKnownFileType = folder.assetcatalog; path = Assets.xcassets; sourceTree = "<group>"; };
/* End PBXFileReference section */

/* Begin PBXFrameworksBuildPhase section */
		4D3F419C579007DA8242A101 /* Frameworks */ = {
			isa = PBXFrameworksBuildPhase;
			buildActionMask = 2147483647;
			files = (
				171A7EA52CEED5C9EC1A3B11 /* MontanaCore in Frameworks */,
			);
			runOnlyForDeploymentPostprocessing = 0;
		};
/* End PBXFrameworksBuildPhase section */

/* Begin PBXGroup section */
		412E94A632A0695E5A717CDB /* MontanaWallet */ = {
			isa = PBXGroup;
			children = (
				F798753DB8C53D3A52ED9D22 /* Assets.xcassets */,
				5806E2337C544AD8AFD68429 /* Info.plist */,
				BC5418551E58813374250271 /* MontanaWallet.entitlements */,
				42F6AEB9554679FA63F1EF63 /* MontanaWalletApp.swift */,
			);
			path = MontanaWallet;
			sourceTree = "<group>";
		};
		76956D4E30E49F40A3B120FB /* Products */ = {
			isa = PBXGroup;
			children = (
				342AD73ECC4AFC7F2F41CD21 /* MontanaWallet.app */,
			);
			name = Products;
			sourceTree = "<group>";
		};
		AADAF47F12238CB9BE4BD5DC /* Packages */ = {
			isa = PBXGroup;
			children = (
				E2E2E3113F2FD8ABADB80940 /* MontanaCore */,
			);
			name = Packages;
			sourceTree = "<group>";
		};
		CEA4613D00C705DBA4A8158C = {
			isa = PBXGroup;
			children = (
				412E94A632A0695E5A717CDB /* MontanaWallet */,
				AADAF47F12238CB9BE4BD5DC /* Packages */,
				76956D4E30E49F40A3B120FB /* Products */,
			);
			sourceTree = "<group>";
		};
/* End PBXGroup section */

/* Begin PBXNativeTarget section */
		8371C837D5CFEBA45AF458D8 /* MontanaWallet */ = {
			isa = PBXNativeTarget;
			buildConfigurationList = 1F5BAC54A85694333A33AD53 /* Build configuration list for PBXNativeTarget "MontanaWallet" */;
			buildPhases = (
				6EE74490E3CA4C19B956DFC6 /* Sources */,
				3FB81D6EC974F172AE7FF301 /* Resources */,
				4D3F419C579007DA8242A101 /* Frameworks */,
			);
			buildRules = (
			);
			dependencies = (
			);
			name = MontanaWallet;
			packageProductDependencies = (
				9A85B0481ADC7CA6C4EE5ABB /* MontanaCore */,
			);
			productName = MontanaWallet;
			productReference = 342AD73ECC4AFC7F2F41CD21 /* MontanaWallet.app */;
			productType = "com.apple.product-type.application";
		};
/* End PBXNativeTarget section */

/* Begin PBXProject section */
		F9D75B5FC89E62D9C5F8A71E /* Project object */ = {
			isa = PBXProject;
			attributes = {
				BuildIndependentTargetsInParallel = YES;
				LastUpgradeCheck = 1500;
				TargetAttributes = {
					8371C837D5CFEBA45AF458D8 = {
						DevelopmentTeam = "";
					};
				};
			};
			buildConfigurationList = 2CF91DC327D19CD0A4A89419 /* Build configuration list for PBXProject "MontanaWallet" */;
			compatibilityVersion = "Xcode 14.0";
			developmentRegion = en;
			hasScannedForEncodings = 0;
			knownRegions = (
				Base,
				en,
			);
			mainGroup = CEA4613D00C705DBA4A8158C;
			minimizedProjectReferenceProxies = 1;
			packageReferences = (
				2A4E6872E308FAC6A7E5B2C3 /* XCLocalSwiftPackageReference "../../MontanaCore" */,
			);
			preferredProjectObjectVersion = 77;
			projectDirPath = "";
			projectRoot = "";
			targets = (
				8371C837D5CFEBA45AF458D8 /* MontanaWallet */,
			);
		};
/* End PBXProject section */

/* Begin PBXResourcesBuildPhase section */
		3FB81D6EC974F172AE7FF301 /* Resources */ = {
			isa = PBXResourcesBuildPhase;
			buildActionMask = 2147483647;
			files = (
				462BBE0B088CBC3395691155 /* Assets.xcassets in Resources */,
			);
			runOnlyForDeploymentPostprocessing = 0;
		};
/* End PBXResourcesBuildPhase section */

/* Begin PBXSourcesBuildPhase section */
		6EE74490E3CA4C19B956DFC6 /* Sources */ = {
			isa = PBXSourcesBuildPhase;
			buildActionMask = 2147483647;
			files = (
				90EDD14892E540D5063E0CAB /* MontanaWalletApp.swift in Sources */,
			);
			runOnlyForDeploymentPostprocessing = 0;
		};
/* End PBXSourcesBuildPhase section */

/* Begin XCBuildConfiguration section */
		3BCA934347A79EEB3CF3A67A /* Release */ = {
			isa = XCBuildConfiguration;
			buildSettings = {
				ALWAYS_SEARCH_USER_PATHS = NO;
				CLANG_ANALYZER_NONNULL = YES;
				CLANG_ANALYZER_NUMBER_OBJECT_CONVERSION = YES_AGGRESSIVE;
				CLANG_CXX_LANGUAGE_STANDARD = "gnu++14";
				CLANG_CXX_LIBRARY = "libc++";
				CLANG_ENABLE_MODULES = YES;
				CLANG_ENABLE_OBJC_ARC = YES;
				CLANG_ENABLE_OBJC_WEAK = YES;
				CLANG_WARN_BLOCK_CAPTURE_AUTORELEASING = YES;
				CLANG_WARN_BOOL_CONVERSION = YES;
				CLANG_WARN_COMMA = YES;
				CLANG_WARN_CONSTANT_CONVERSION = YES;
				CLANG_WARN_DEPRECATED_OBJC_IMPLEMENTATIONS = YES;
				CLANG_WARN_DIRECT_OBJC_ISA_USAGE = YES_ERROR;
				CLANG_WARN_DOCUMENTATION_COMMENTS = YES;
				CLANG_WARN_EMPTY_BODY = YES;
				CLANG_WARN_ENUM_CONVERSION = YES;
				CLANG_WARN_INFINITE_RECURSION = YES;
				CLANG_WARN_INT_CONVERSION = YES;
				CLANG_WARN_NON_LITERAL_NULL_CONVERSION = YES;
				CLANG_WARN_OBJC_IMPLICIT_RETAIN_SELF = YES;
				CLANG_WARN_OBJC_LITERAL_CONVERSION = YES;
				CLANG_WARN_OBJC_ROOT_CLASS = YES_ERROR;
				CLANG_WARN_QUOTED_INCLUDE_IN_FRAMEWORK_HEADER = YES;
				CLANG_WARN_RANGE_LOOP_ANALYSIS = YES;
				CLANG_WARN_STRICT_PROTOTYPES = YES;
				CLANG_WARN_SUSPICIOUS_MOVE = YES;
				CLANG_WARN_UNGUARDED_AVAILABILITY = YES_AGGRESSIVE;
				CLANG_WARN_UNREACHABLE_CODE = YES;
				CLANG_WARN__DUPLICATE_METHOD_MATCH = YES;
				COPY_PHASE_STRIP = NO;
				CURRENT_PROJECT_VERSION = 1;
				DEBUG_INFORMATION_FORMAT = "dwarf-with-dsym";
				DEVELOPMENT_TEAM = "";
				ENABLE_NS_ASSERTIONS = NO;
				ENABLE_STRICT_OBJC_MSGSEND = YES;
				GCC_C_LANGUAGE_STANDARD = gnu11;
				GCC_NO_COMMON_BLOCKS = YES;
				GCC_WARN_64_TO_32_BIT_CONVERSION = YES;
				GCC_WARN_ABOUT_RETURN_TYPE = YES_ERROR;
				GCC_WARN_UNDECLARED_SELECTOR = YES;
				GCC_WARN_UNINITIALIZED_AUTOS = YES_AGGRESSIVE;
				GCC_WARN_UNUSED_FUNCTION = YES;
				GCC_WARN_UNUSED_VARIABLE = YES;
				IPHONEOS_DEPLOYMENT_TARGET = 17.0;
				MARKETING_VERSION = 1.0.0;
				MTL_ENABLE_DEBUG_INFO = NO;
				MTL_FAST_MATH = YES;
				PRODUCT_NAME = "$(TARGET_NAME)";
				SDKROOT = iphoneos;
				SWIFT_COMPILATION_MODE = wholemodule;
				SWIFT_OPTIMIZATION_LEVEL = "-O";
				SWIFT_VERSION = 5.0;
			};
			name = Release;
		};
		43AB8D701EDC5504C8797767 /* Release */ = {
			isa = XCBuildConfiguration;
			buildSettings = {
				ASSETCATALOG_COMPILER_APPICON_NAME = AppIcon;
				CODE_SIGN_ENTITLEMENTS = MontanaWallet/MontanaWallet.entitlements;
				CODE_SIGN_IDENTITY = "iPhone Developer";
				INFOPLIST_FILE = MontanaWallet/Info.plist;
				LD_RUNPATH_SEARCH_PATHS = (
					"$(inherited)",
					"@executable_path/Frameworks",
				);
				PRODUCT_BUNDLE_IDENTIFIER = network.montana.wallet;
				SDKROOT = iphoneos;
				TARGETED_DEVICE_FAMILY = "1,2";
			};
			name = Release;
		};
		669AD231067C498776DB45A6 /* Debug */ = {
			isa = XCBuildConfiguration;
			buildSettings = {
				ASSETCATALOG_COMPILER_APPICON_NAME = AppIcon;
				CODE_SIGN_ENTITLEMENTS = MontanaWallet/MontanaWallet.entitlements;
				CODE_SIGN_IDENTITY = "iPhone Developer";
				INFOPLIST_FILE = MontanaWallet/Info.plist;
				LD_RUNPATH_SEARCH_PATHS = (
					"$(inherited)",
					"@executable_path/Frameworks",
				);
				PRODUCT_BUNDLE_IDENTIFIER = network.montana.wallet;
				SDKROOT = iphoneos;
				TARGETED_DEVICE_FAMILY = "1,2";
			};
			name = Debug;
		};
		EB40E89225899B8BE53807D7 /* Debug */ = {
			isa = XCBuildConfiguration;
			buildSettings = {
				ALWAYS_SEARCH_USER_PATHS = NO;
				CLANG_ANALYZER_NONNULL = YES;
				CLANG_ANALYZER_NUMBER_OBJECT_CONVERSION = YES_AGGRESSIVE;
				CLANG_CXX_LANGUAGE_STANDARD = "gnu++14";
				CLANG_CXX_LIBRARY = "libc++";
				CLANG_ENABLE_MODULES = YES;
				CLANG_ENABLE_OBJC_ARC = YES;
				CLANG_ENABLE_OBJC_WEAK = YES;
				CLANG_WARN_BLOCK_CAPTURE_AUTORELEASING = YES;
				CLANG_WARN_BOOL_CONVERSION = YES;
				CLANG_WARN_COMMA = YES;
				CLANG_WARN_CONSTANT_CONVERSION = YES;
				CLANG_WARN_DEPRECATED_OBJC_IMPLEMENTATIONS = YES;
				CLANG_WARN_DIRECT_OBJC_ISA_USAGE = YES_ERROR;
				CLANG_WARN_DOCUMENTATION_COMMENTS = YES;
				CLANG_WARN_EMPTY_BODY = YES;
				CLANG_WARN_ENUM_CONVERSION = YES;
				CLANG_WARN_INFINITE_RECURSION = YES;
				CLANG_WARN_INT_CONVERSION = YES;
				CLANG_WARN_NON_LITERAL_NULL_CONVERSION = YES;
				CLANG_WARN_OBJC_IMPLICIT_RETAIN_SELF = YES;
				CLANG_WARN_OBJC_LITERAL_CONVERSION = YES;
				CLANG_WARN_OBJC_ROOT_CLASS = YES_ERROR;
				CLANG_WARN_QUOTED_INCLUDE_IN_FRAMEWORK_HEADER = YES;
				CLANG_WARN_RANGE_LOOP_ANALYSIS = YES;
				CLANG_WARN_STRICT_PROTOTYPES = YES;
				CLANG_WARN_SUSPICIOUS_MOVE = YES;
				CLANG_WARN_UNGUARDED_AVAILABILITY = YES_AGGRESSIVE;
				CLANG_WARN_UNREACHABLE_CODE = YES;
				CLANG_WARN__DUPLICATE_METHOD_MATCH = YES;
				COPY_PHASE_STRIP = NO;
				CURRENT_PROJECT_VERSION = 1;
				DEBUG_INFORMATION_FORMAT = dwarf;
				DEVELOPMENT_TEAM = "";
				ENABLE_STRICT_OBJC_MSGSEND = YES;
				ENABLE_TESTABILITY = YES;
				GCC_C_LANGUAGE_STANDARD = gnu11;
				GCC_DYNAMIC_NO_PIC = NO;
				GCC_NO_COMMON_BLOCKS = YES;
				GCC_OPTIMIZATION_LEVEL = 0;
				GCC_PREPROCESSOR_DEFINITIONS = (
					"$(inherited)",
					"DEBUG=1",
				);
				GCC_WARN_64_TO_32_BIT_CONVERSION = YES;
				GCC_WARN_ABOUT_RETURN_TYPE = YES_ERROR;
				GCC_WARN_UNDECLARED_SELECTOR = YES;
				GCC_WARN_UNINITIALIZED_AUTOS = YES_AGGRESSIVE;
				GCC_WARN_UNUSED_FUNCTION = YES;
				GCC_WARN_UNUSED_VARIABLE = YES;
				IPHONEOS_DEPLOYMENT_TARGET = 17.0;
				MARKETING_VERSION = 1.0.0;
				MTL_ENABLE_DEBUG_INFO = INCLUDE_SOURCE;
				MTL_FAST_MATH = YES;
				ONLY_ACTIVE_ARCH = YES;
				PRODUCT_NAME = "$(TARGET_NAME)";
				SDKROOT = iphoneos;
				SWIFT_ACTIVE_COMPILATION_CONDITIONS = DEBUG;
				SWIFT_OPTIMIZATION_LEVEL = "-Onone";
				SWIFT_VERSION = 5.0;
			};
			name = Debug;
		};
/* End XCBuildConfiguration section */

/* Begin XCConfigurationList section */
		1F5BAC54A85694333A33AD53 /* Build configuration list for PBXNativeTarget "MontanaWallet" */ = {
			isa = XCConfigurationList;
			buildConfigurations = (
				669AD231067C498776DB45A6 /* Debug */,
				43AB8D701EDC5504C8797767 /* Release */,
			);
			defaultConfigurationIsVisible = 0;
			defaultConfigurationName = Debug;
		};
		2CF91DC327D19CD0A4A89419 /* Build configuration list for PBXProject "MontanaWallet" */ = {
			isa = XCConfigurationList;
			buildConfigurations = (
				EB40E89225899B8BE53807D7 /* Debug */,
				3BCA934347A79EEB3CF3A67A /* Release */,
			);
			defaultConfigurationIsVisible = 0;
			defaultConfigurationName = Debug;
		};
/* End XCConfigurationList section */

/* Begin XCLocalSwiftPackageReference section */
		2A4E6872E308FAC6A7E5B2C3 /* XCLocalSwiftPackageReference "../../MontanaCore" */ = {
			isa = XCLocalSwiftPackageReference;
			relativePath = ../../MontanaCore;
		};
/* End XCLocalSwiftPackageReference section */

/* Begin XCSwiftPackageProductDependency section */
		9A85B0481ADC7CA6C4EE5ABB /* MontanaCore */ = {
			isa = XCSwiftPackageProductDependency;
			productName = MontanaCore;
		};
/* End XCSwiftPackageProductDependency section */
	};
	rootObject = F9D75B5FC89E62D9C5F8A71E /* Project object */;
}
